
Microsoft Visual Studio Solution File, Format Version 12.00
# Visual Studio Version 17
VisualStudioVersion = 17.6.33829.357
MinimumVisualStudioVersion = 10.0.40219.1
Project("{FAE04EC0-301F-11D3-BF4B-00C04F79EFBC}") = "Monogame4", "Monogame4\Monogame4.csproj", "{88705DF7-EFA7-4A49-80D2-9AF1E407BECA}"
EndProject
Global
	GlobalSection(SolutionConfigurationPlatforms) = preSolution
		Debug|Any CPU = Debug|Any CPU
		Release|Any CPU = Release|Any CPU
	EndGlobalSection
	GlobalSection(ProjectConfigurationPlatforms) = postSolution
		{88705DF7-EFA7-4A49-80D2-9AF1E407BECA}.Debug|Any CPU.ActiveCfg = Debug|Any CPU
		{88705DF7-EFA7-4A49-80D2-9AF1E407BECA}.Debug|Any CPU.Build.0 = Debug|Any CPU
		{88705DF7-EFA7-4A49-80D2-9AF1E407BECA}.Release|Any CPU.ActiveCfg = Release|Any CPU
		{88705DF7-EFA7-4A49-80D2-9AF1E407BECA}.Release|Any CPU.Build.0 = Release|Any CPU
	EndGlobalSection
	GlobalSection(SolutionProperties) = preSolution
		HideSolutionNode = FALSE
	EndGlobalSection
	GlobalSection(ExtensibilityGlobals) = postSolution
		SolutionGuid = {B498114C-1FAF-4EF1-ACD8-32EFD3055D23}
	EndGlobalSection
EndGlobal
